// !$*UTF8*$!
{
	archiveVersion = 1;
	classes = {
	};
	objectVersion = 54;
	objects = {

/* Begin PBXBuildFile section */
		00E356F31AD99517003FC87E /* humanisticsappTests.m in Sources */ = {isa = PBXBuildFile; fileRef = 00E356F21AD99517003FC87E /* humanisticsappTests.m */; };
		0C80B921A6F3F58F76C31292 /* libPods-humanisticsapp.a in Frameworks */ = {isa = PBXBuildFile; fileRef = 5DCACB8F33CDC322A6C60F78 /* libPods-humanisticsapp.a */; };
		0E6BA3A0A795432997B0A001 /* Poppins-LightItalic.ttf in Resources */ = {isa = PBXBuildFile; fileRef = 20A1BEC1454D40C8AA73F9B9 /* Poppins-LightItalic.ttf */; };
		11DFF4DF90E049338613A708 /* Poppins-Medium.ttf in Resources */ = {isa = PBXBuildFile; fileRef = DFCD18B32E034F2794C32D31 /* Poppins-Medium.ttf */; };
		13B07FBC1A68108700A75B9A /* AppDelegate.mm in Sources */ = {isa = PBXBuildFile; fileRef = 13B07FB01A68108700A75B9A /* AppDelegate.mm */; };
		13B07FBF1A68108700A75B9A /* Images.xcassets in Resources */ = {isa = PBXBuildFile; fileRef = 13B07FB51A68108700A75B9A /* Images.xcassets */; };
		13B07FC11A68108700A75B9A /* main.m in Sources */ = {isa = PBXBuildFile; fileRef = 13B07FB71A68108700A75B9A /* main.m */; };
		13FE168098F64C66882A7116 /* Poppins-Italic.ttf in Resources */ = {isa = PBXBuildFile; fileRef = D40A7C7458D34ED3933DE59B /* Poppins-Italic.ttf */; };
		2C38970278DB4258A6AF190A /* Poppins-Light.ttf in Resources */ = {isa = PBXBuildFile; fileRef = 8989FE692D6F4A06942C574F /* Poppins-Light.ttf */; };
		51A05D6588A54F49A7E68436 /* Poppins-ExtraBold.ttf in Resources */ = {isa = PBXBuildFile; fileRef = 2C8BF63A20DC4B599FFA9E35 /* Poppins-ExtraBold.ttf */; };
		5FC6DD5852784127B05B86DF /* Poppins-Black.ttf in Resources */ = {isa = PBXBuildFile; fileRef = 0AE186A192EB4ED8BFAE3A5D /* Poppins-Black.ttf */; };
		632E929C0F30496097FE0119 /* Poppins-ExtraLight.ttf in Resources */ = {isa = PBXBuildFile; fileRef = B9E7A9FD309D444FB79EB5E9 /* Poppins-ExtraLight.ttf */; };
		6552CE01A6CC4713BD0BEBD7 /* Poppins-Bold.ttf in Resources */ = {isa = PBXBuildFile; fileRef = AD994929795E40A28AF7238A /* Poppins-Bold.ttf */; };
		73A993BD89A84429BBDB447B /* Poppins-BlackItalic.ttf in Resources */ = {isa = PBXBuildFile; fileRef = 616EB42C9EB3453D99223CA7 /* Poppins-BlackItalic.ttf */; };
		73F4E2FBD08A4E5A84AEE0B2 /* Poppins-ExtraBoldItalic.ttf in Resources */ = {isa = PBXBuildFile; fileRef = 698A3D6A32EF45E996737319 /* Poppins-ExtraBoldItalic.ttf */; };
		7699B88040F8A987B510C191 /* libPods-humanisticsapp-humanisticsappTests.a in Frameworks */ = {isa = PBXBuildFile; fileRef = 19F6CBCC0A4E27FBF8BF4A61 /* libPods-humanisticsapp-humanisticsappTests.a */; };
		81AB9BB82411601600AC10FF /* LaunchScreen.storyboard in Resources */ = {isa = PBXBuildFile; fileRef = 81AB9BB72411601600AC10FF /* LaunchScreen.storyboard */; };
		96B9AC082953924500B6E551 /* Fontisto.ttf in Resources */ = {isa = PBXBuildFile; fileRef = 96B9ABF82953924500B6E551 /* Fontisto.ttf */; };
		96B9AC092953924500B6E551 /* Fontisto.ttf in Resources */ = {isa = PBXBuildFile; fileRef = 96B9ABF82953924500B6E551 /* Fontisto.ttf */; };
		96B9AC0A2953924500B6E551 /* Octicons.ttf in Resources */ = {isa = PBXBuildFile; fileRef = 96B9ABF92953924500B6E551 /* Octicons.ttf */; };
		96B9AC0B2953924500B6E551 /* Octicons.ttf in Resources */ = {isa = PBXBuildFile; fileRef = 96B9ABF92953924500B6E551 /* Octicons.ttf */; };
		96B9AC0C2953924500B6E551 /* Feather.ttf in Resources */ = {isa = PBXBuildFile; fileRef = 96B9ABFA2953924500B6E551 /* Feather.ttf */; };
		96B9AC0D2953924500B6E551 /* Feather.ttf in Resources */ = {isa = PBXBuildFile; fileRef = 96B9ABFA2953924500B6E551 /* Feather.ttf */; };
		96B9AC0E2953924500B6E551 /* Entypo.ttf in Resources */ = {isa = PBXBuildFile; fileRef = 96B9ABFB2953924500B6E551 /* Entypo.ttf */; };
		96B9AC0F2953924500B6E551 /* Entypo.ttf in Resources */ = {isa = PBXBuildFile; fileRef = 96B9ABFB2953924500B6E551 /* Entypo.ttf */; };
		96B9AC102953924500B6E551 /* FontAwesome5_Brands.ttf in Resources */ = {isa = PBXBuildFile; fileRef = 96B9ABFC2953924500B6E551 /* FontAwesome5_Brands.ttf */; };
		96B9AC112953924500B6E551 /* FontAwesome5_Brands.ttf in Resources */ = {isa = PBXBuildFile; fileRef = 96B9ABFC2953924500B6E551 /* FontAwesome5_Brands.ttf */; };
		96B9AC122953924500B6E551 /* MaterialCommunityIcons.ttf in Resources */ = {isa = PBXBuildFile; fileRef = 96B9ABFD2953924500B6E551 /* MaterialCommunityIcons.ttf */; };
		96B9AC132953924500B6E551 /* MaterialCommunityIcons.ttf in Resources */ = {isa = PBXBuildFile; fileRef = 96B9ABFD2953924500B6E551 /* MaterialCommunityIcons.ttf */; };
		96B9AC142953924500B6E551 /* AntDesign.ttf in Resources */ = {isa = PBXBuildFile; fileRef = 96B9ABFE2953924500B6E551 /* AntDesign.ttf */; };
		96B9AC152953924500B6E551 /* AntDesign.ttf in Resources */ = {isa = PBXBuildFile; fileRef = 96B9ABFE2953924500B6E551 /* AntDesign.ttf */; };
		96B9AC162953924500B6E551 /* Foundation.ttf in Resources */ = {isa = PBXBuildFile; fileRef = 96B9ABFF2953924500B6E551 /* Foundation.ttf */; };
		96B9AC172953924500B6E551 /* Foundation.ttf in Resources */ = {isa = PBXBuildFile; fileRef = 96B9ABFF2953924500B6E551 /* Foundation.ttf */; };
		96B9AC182953924500B6E551 /* Ionicons.ttf in Resources */ = {isa = PBXBuildFile; fileRef = 96B9AC002953924500B6E551 /* Ionicons.ttf */; };
		96B9AC192953924500B6E551 /* Ionicons.ttf in Resources */ = {isa = PBXBuildFile; fileRef = 96B9AC002953924500B6E551 /* Ionicons.ttf */; };
		96B9AC1A2953924500B6E551 /* FontAwesome5_Solid.ttf in Resources */ = {isa = PBXBuildFile; fileRef = 96B9AC012953924500B6E551 /* FontAwesome5_Solid.ttf */; };
		96B9AC1B2953924500B6E551 /* FontAwesome5_Solid.ttf in Resources */ = {isa = PBXBuildFile; fileRef = 96B9AC012953924500B6E551 /* FontAwesome5_Solid.ttf */; };
		96B9AC1C2953924500B6E551 /* FontAwesome5_Regular.ttf in Resources */ = {isa = PBXBuildFile; fileRef = 96B9AC022953924500B6E551 /* FontAwesome5_Regular.ttf */; };
		96B9AC1D2953924500B6E551 /* FontAwesome5_Regular.ttf in Resources */ = {isa = PBXBuildFile; fileRef = 96B9AC022953924500B6E551 /* FontAwesome5_Regular.ttf */; };
		96B9AC1E2953924500B6E551 /* FontAwesome.ttf in Resources */ = {isa = PBXBuildFile; fileRef = 96B9AC032953924500B6E551 /* FontAwesome.ttf */; };
		96B9AC1F2953924500B6E551 /* FontAwesome.ttf in Resources */ = {isa = PBXBuildFile; fileRef = 96B9AC032953924500B6E551 /* FontAwesome.ttf */; };
		96B9AC202953924500B6E551 /* Zocial.ttf in Resources */ = {isa = PBXBuildFile; fileRef = 96B9AC042953924500B6E551 /* Zocial.ttf */; };
		96B9AC212953924500B6E551 /* Zocial.ttf in Resources */ = {isa = PBXBuildFile; fileRef = 96B9AC042953924500B6E551 /* Zocial.ttf */; };
		96B9AC222953924500B6E551 /* EvilIcons.ttf in Resources */ = {isa = PBXBuildFile; fileRef = 96B9AC052953924500B6E551 /* EvilIcons.ttf */; };
		96B9AC232953924500B6E551 /* EvilIcons.ttf in Resources */ = {isa = PBXBuildFile; fileRef = 96B9AC052953924500B6E551 /* EvilIcons.ttf */; };
		96B9AC242953924500B6E551 /* SimpleLineIcons.ttf in Resources */ = {isa = PBXBuildFile; fileRef = 96B9AC062953924500B6E551 /* SimpleLineIcons.ttf */; };
		96B9AC252953924500B6E551 /* SimpleLineIcons.ttf in Resources */ = {isa = PBXBuildFile; fileRef = 96B9AC062953924500B6E551 /* SimpleLineIcons.ttf */; };
		96B9AC262953924500B6E551 /* MaterialIcons.ttf in Resources */ = {isa = PBXBuildFile; fileRef = 96B9AC072953924500B6E551 /* MaterialIcons.ttf */; };
		96B9AC272953924500B6E551 /* MaterialIcons.ttf in Resources */ = {isa = PBXBuildFile; fileRef = 96B9AC072953924500B6E551 /* MaterialIcons.ttf */; };
		B0B401C4B43E445E993C9802 /* Poppins-MediumItalic.ttf in Resources */ = {isa = PBXBuildFile; fileRef = 292A90D89F214E56A82D1A71 /* Poppins-MediumItalic.ttf */; };
		C108AB69426A4722B4E6A263 /* Poppins-BoldItalic.ttf in Resources */ = {isa = PBXBuildFile; fileRef = BB125EBD7B5342B68D92E3EE /* Poppins-BoldItalic.ttf */; };
		C47B2C4B8F904329B96DC403 /* Poppins-SemiBoldItalic.ttf in Resources */ = {isa = PBXBuildFile; fileRef = 17C96AC5624D42F9867C46CC /* Poppins-SemiBoldItalic.ttf */; };
		C6839243725C4E37A9695065 /* Poppins-SemiBold.ttf in Resources */ = {isa = PBXBuildFile; fileRef = 910359610BD2436DAD073EF3 /* Poppins-SemiBold.ttf */; };
		DE4ACC3D113146D79C8E8CFF /* Poppins-ThinItalic.ttf in Resources */ = {isa = PBXBuildFile; fileRef = 4BFFD7937D7043EC9AFF64CD /* Poppins-ThinItalic.ttf */; };
		DFAB5E89EBA64665A9552EF3 /* Poppins-Thin.ttf in Resources */ = {isa = PBXBuildFile; fileRef = 071ECE58FDFD45BE9AED094B /* Poppins-Thin.ttf */; };
		F600D1B2407C4187B3F90725 /* Poppins-ExtraLightItalic.ttf in Resources */ = {isa = PBXBuildFile; fileRef = 6F550D702AB449BC934F1F8E /* Poppins-ExtraLightItalic.ttf */; };
		F940B9AB6CE2437EAB9141AC /* OFL.txt in Resources */ = {isa = PBXBuildFile; fileRef = E45ADD92ED064EE0890B1503 /* OFL.txt */; };
		FB8B217A4D72463B96D62BE1 /* Poppins-Regular.ttf in Resources */ = {isa = PBXBuildFile; fileRef = 5B9112701C134075AD616BD3 /* Poppins-Regular.ttf */; };
/* End PBXBuildFile section */

/* Begin PBXContainerItemProxy section */
		00E356F41AD99517003FC87E /* PBXContainerItemProxy */ = {
			isa = PBXContainerItemProxy;
			containerPortal = 83CBB9F71A601CBA00E9B192 /* Project object */;
			proxyType = 1;
			remoteGlobalIDString = 13B07F861A680F5B00A75B9A;
			remoteInfo = humanisticsapp;
		};
/* End PBXContainerItemProxy section */

/* Begin PBXFileReference section */
		00E356EE1AD99517003FC87E /* humanisticsappTests.xctest */ = {isa = PBXFileReference; explicitFileType = wrapper.cfbundle; includeInIndex = 0; path = humanisticsappTests.xctest; sourceTree = BUILT_PRODUCTS_DIR; };
		00E356F11AD99517003FC87E /* Info.plist */ = {isa = PBXFileReference; lastKnownFileType = text.plist.xml; path = Info.plist; sourceTree = "<group>"; };
		00E356F21AD99517003FC87E /* humanisticsappTests.m */ = {isa = PBXFileReference; lastKnownFileType = sourcecode.c.objc; path = humanisticsappTests.m; sourceTree = "<group>"; };
		071ECE58FDFD45BE9AED094B /* Poppins-Thin.ttf */ = {isa = PBXFileReference; explicitFileType = undefined; fileEncoding = undefined; includeInIndex = 0; lastKnownFileType = unknown; name = "Poppins-Thin.ttf"; path = "../assets/fonts/Poppins-Thin.ttf"; sourceTree = "<group>"; };
		0AE186A192EB4ED8BFAE3A5D /* Poppins-Black.ttf */ = {isa = PBXFileReference; explicitFileType = undefined; fileEncoding = undefined; includeInIndex = 0; lastKnownFileType = unknown; name = "Poppins-Black.ttf"; path = "../assets/fonts/Poppins-Black.ttf"; sourceTree = "<group>"; };
		13B07F961A680F5B00A75B9A /* humanisticsapp.app */ = {isa = PBXFileReference; explicitFileType = wrapper.application; includeInIndex = 0; path = humanisticsapp.app; sourceTree = BUILT_PRODUCTS_DIR; };
		13B07FAF1A68108700A75B9A /* AppDelegate.h */ = {isa = PBXFileReference; fileEncoding = 4; lastKnownFileType = sourcecode.c.h; name = AppDelegate.h; path = humanisticsapp/AppDelegate.h; sourceTree = "<group>"; };
		13B07FB01A68108700A75B9A /* AppDelegate.mm */ = {isa = PBXFileReference; fileEncoding = 4; lastKnownFileType = sourcecode.cpp.objcpp; name = AppDelegate.mm; path = humanisticsapp/AppDelegate.mm; sourceTree = "<group>"; };
		13B07FB51A68108700A75B9A /* Images.xcassets */ = {isa = PBXFileReference; lastKnownFileType = folder.assetcatalog; name = Images.xcassets; path = humanisticsapp/Images.xcassets; sourceTree = "<group>"; };
		13B07FB61A68108700A75B9A /* Info.plist */ = {isa = PBXFileReference; fileEncoding = 4; lastKnownFileType = text.plist.xml; name = Info.plist; path = humanisticsapp/Info.plist; sourceTree = "<group>"; };
		13B07FB71A68108700A75B9A /* main.m */ = {isa = PBXFileReference; fileEncoding = 4; lastKnownFileType = sourcecode.c.objc; name = main.m; path = humanisticsapp/main.m; sourceTree = "<group>"; };
		17C96AC5624D42F9867C46CC /* Poppins-SemiBoldItalic.ttf */ = {isa = PBXFileReference; explicitFileType = undefined; fileEncoding = undefined; includeInIndex = 0; lastKnownFileType = unknown; name = "Poppins-SemiBoldItalic.ttf"; path = "../assets/fonts/Poppins-SemiBoldItalic.ttf"; sourceTree = "<group>"; };
		19F6CBCC0A4E27FBF8BF4A61 /* libPods-humanisticsapp-humanisticsappTests.a */ = {isa = PBXFileReference; explicitFileType = archive.ar; includeInIndex = 0; path = "libPods-humanisticsapp-humanisticsappTests.a"; sourceTree = BUILT_PRODUCTS_DIR; };
		20A1BEC1454D40C8AA73F9B9 /* Poppins-LightItalic.ttf */ = {isa = PBXFileReference; explicitFileType = undefined; fileEncoding = undefined; includeInIndex = 0; lastKnownFileType = unknown; name = "Poppins-LightItalic.ttf"; path = "../assets/fonts/Poppins-LightItalic.ttf"; sourceTree = "<group>"; };
		292A90D89F214E56A82D1A71 /* Poppins-MediumItalic.ttf */ = {isa = PBXFileReference; explicitFileType = undefined; fileEncoding = undefined; includeInIndex = 0; lastKnownFileType = unknown; name = "Poppins-MediumItalic.ttf"; path = "../assets/fonts/Poppins-MediumItalic.ttf"; sourceTree = "<group>"; };
		2C8BF63A20DC4B599FFA9E35 /* Poppins-ExtraBold.ttf */ = {isa = PBXFileReference; explicitFileType = undefined; fileEncoding = undefined; includeInIndex = 0; lastKnownFileType = unknown; name = "Poppins-ExtraBold.ttf"; path = "../assets/fonts/Poppins-ExtraBold.ttf"; sourceTree = "<group>"; };
		3B4392A12AC88292D35C810B /* Pods-humanisticsapp.debug.xcconfig */ = {isa = PBXFileReference; includeInIndex = 1; lastKnownFileType = text.xcconfig; name = "Pods-humanisticsapp.debug.xcconfig"; path = "Target Support Files/Pods-humanisticsapp/Pods-humanisticsapp.debug.xcconfig"; sourceTree = "<group>"; };
		4BFFD7937D7043EC9AFF64CD /* Poppins-ThinItalic.ttf */ = {isa = PBXFileReference; explicitFileType = undefined; fileEncoding = undefined; includeInIndex = 0; lastKnownFileType = unknown; name = "Poppins-ThinItalic.ttf"; path = "../assets/fonts/Poppins-ThinItalic.ttf"; sourceTree = "<group>"; };
		5709B34CF0A7D63546082F79 /* Pods-humanisticsapp.release.xcconfig */ = {isa = PBXFileReference; includeInIndex = 1; lastKnownFileType = text.xcconfig; name = "Pods-humanisticsapp.release.xcconfig"; path = "Target Support Files/Pods-humanisticsapp/Pods-humanisticsapp.release.xcconfig"; sourceTree = "<group>"; };
		5B7EB9410499542E8C5724F5 /* Pods-humanisticsapp-humanisticsappTests.debug.xcconfig */ = {isa = PBXFileReference; includeInIndex = 1; lastKnownFileType = text.xcconfig; name = "Pods-humanisticsapp-humanisticsappTests.debug.xcconfig"; path = "Target Support Files/Pods-humanisticsapp-humanisticsappTests/Pods-humanisticsapp-humanisticsappTests.debug.xcconfig"; sourceTree = "<group>"; };
		5B9112701C134075AD616BD3 /* Poppins-Regular.ttf */ = {isa = PBXFileReference; explicitFileType = undefined; fileEncoding = undefined; includeInIndex = 0; lastKnownFileType = unknown; name = "Poppins-Regular.ttf"; path = "../assets/fonts/Poppins-Regular.ttf"; sourceTree = "<group>"; };
		5DCACB8F33CDC322A6C60F78 /* libPods-humanisticsapp.a */ = {isa = PBXFileReference; explicitFileType = archive.ar; includeInIndex = 0; path = "libPods-humanisticsapp.a"; sourceTree = BUILT_PRODUCTS_DIR; };
		616EB42C9EB3453D99223CA7 /* Poppins-BlackItalic.ttf */ = {isa = PBXFileReference; explicitFileType = undefined; fileEncoding = undefined; includeInIndex = 0; lastKnownFileType = unknown; name = "Poppins-BlackItalic.ttf"; path = "../assets/fonts/Poppins-BlackItalic.ttf"; sourceTree = "<group>"; };
		698A3D6A32EF45E996737319 /* Poppins-ExtraBoldItalic.ttf */ = {isa = PBXFileReference; explicitFileType = undefined; fileEncoding = undefined; includeInIndex = 0; lastKnownFileType = unknown; name = "Poppins-ExtraBoldItalic.ttf"; path = "../assets/fonts/Poppins-ExtraBoldItalic.ttf"; sourceTree = "<group>"; };
		6F550D702AB449BC934F1F8E /* Poppins-ExtraLightItalic.ttf */ = {isa = PBXFileReference; explicitFileType = undefined; fileEncoding = undefined; includeInIndex = 0; lastKnownFileType = unknown; name = "Poppins-ExtraLightItalic.ttf"; path = "../assets/fonts/Poppins-ExtraLightItalic.ttf"; sourceTree = "<group>"; };
		81AB9BB72411601600AC10FF /* LaunchScreen.storyboard */ = {isa = PBXFileReference; fileEncoding = 4; lastKnownFileType = file.storyboard; name = LaunchScreen.storyboard; path = humanisticsapp/LaunchScreen.storyboard; sourceTree = "<group>"; };
		8989FE692D6F4A06942C574F /* Poppins-Light.ttf */ = {isa = PBXFileReference; explicitFileType = undefined; fileEncoding = undefined; includeInIndex = 0; lastKnownFileType = unknown; name = "Poppins-Light.ttf"; path = "../assets/fonts/Poppins-Light.ttf"; sourceTree = "<group>"; };
		89C6BE57DB24E9ADA2F236DE /* Pods-humanisticsapp-humanisticsappTests.release.xcconfig */ = {isa = PBXFileReference; includeInIndex = 1; lastKnownFileType = text.xcconfig; name = "Pods-humanisticsapp-humanisticsappTests.release.xcconfig"; path = "Target Support Files/Pods-humanisticsapp-humanisticsappTests/Pods-humanisticsapp-humanisticsappTests.release.xcconfig"; sourceTree = "<group>"; };
		910359610BD2436DAD073EF3 /* Poppins-SemiBold.ttf */ = {isa = PBXFileReference; explicitFileType = undefined; fileEncoding = undefined; includeInIndex = 0; lastKnownFileType = unknown; name = "Poppins-SemiBold.ttf"; path = "../assets/fonts/Poppins-SemiBold.ttf"; sourceTree = "<group>"; };
		96B9ABF82953924500B6E551 /* Fontisto.ttf */ = {isa = PBXFileReference; lastKnownFileType = file; path = Fontisto.ttf; sourceTree = "<group>"; };
		96B9ABF92953924500B6E551 /* Octicons.ttf */ = {isa = PBXFileReference; lastKnownFileType = file; path = Octicons.ttf; sourceTree = "<group>"; };
		96B9ABFA2953924500B6E551 /* Feather.ttf */ = {isa = PBXFileReference; lastKnownFileType = file; path = Feather.ttf; sourceTree = "<group>"; };
		96B9ABFB2953924500B6E551 /* Entypo.ttf */ = {isa = PBXFileReference; lastKnownFileType = file; path = Entypo.ttf; sourceTree = "<group>"; };
		96B9ABFC2953924500B6E551 /* FontAwesome5_Brands.ttf */ = {isa = PBXFileReference; lastKnownFileType = file; path = FontAwesome5_Brands.ttf; sourceTree = "<group>"; };
		96B9ABFD2953924500B6E551 /* MaterialCommunityIcons.ttf */ = {isa = PBXFileReference; lastKnownFileType = file; path = MaterialCommunityIcons.ttf; sourceTree = "<group>"; };
		96B9ABFE2953924500B6E551 /* AntDesign.ttf */ = {isa = PBXFileReference; lastKnownFileType = file; path = AntDesign.ttf; sourceTree = "<group>"; };
		96B9ABFF2953924500B6E551 /* Foundation.ttf */ = {isa = PBXFileReference; lastKnownFileType = file; path = Foundation.ttf; sourceTree = "<group>"; };
		96B9AC002953924500B6E551 /* Ionicons.ttf */ = {isa = PBXFileReference; lastKnownFileType = file; path = Ionicons.ttf; sourceTree = "<group>"; };
		96B9AC012953924500B6E551 /* FontAwesome5_Solid.ttf */ = {isa = PBXFileReference; lastKnownFileType = file; path = FontAwesome5_Solid.ttf; sourceTree = "<group>"; };
		96B9AC022953924500B6E551 /* FontAwesome5_Regular.ttf */ = {isa = PBXFileReference; lastKnownFileType = file; path = FontAwesome5_Regular.ttf; sourceTree = "<group>"; };
		96B9AC032953924500B6E551 /* FontAwesome.ttf */ = {isa = PBXFileReference; lastKnownFileType = file; path = FontAwesome.ttf; sourceTree = "<group>"; };
		96B9AC042953924500B6E551 /* Zocial.ttf */ = {isa = PBXFileReference; lastKnownFileType = file; path = Zocial.ttf; sourceTree = "<group>"; };
		96B9AC052953924500B6E551 /* EvilIcons.ttf */ = {isa = PBXFileReference; lastKnownFileType = file; path = EvilIcons.ttf; sourceTree = "<group>"; };
		96B9AC062953924500B6E551 /* SimpleLineIcons.ttf */ = {isa = PBXFileReference; lastKnownFileType = file; path = SimpleLineIcons.ttf; sourceTree = "<group>"; };
		96B9AC072953924500B6E551 /* MaterialIcons.ttf */ = {isa = PBXFileReference; lastKnownFileType = file; path = MaterialIcons.ttf; sourceTree = "<group>"; };
		AD994929795E40A28AF7238A /* Poppins-Bold.ttf */ = {isa = PBXFileReference; explicitFileType = undefined; fileEncoding = undefined; includeInIndex = 0; lastKnownFileType = unknown; name = "Poppins-Bold.ttf"; path = "../assets/fonts/Poppins-Bold.ttf"; sourceTree = "<group>"; };
		B9E7A9FD309D444FB79EB5E9 /* Poppins-ExtraLight.ttf */ = {isa = PBXFileReference; explicitFileType = undefined; fileEncoding = undefined; includeInIndex = 0; lastKnownFileType = unknown; name = "Poppins-ExtraLight.ttf"; path = "../assets/fonts/Poppins-ExtraLight.ttf"; sourceTree = "<group>"; };
		BB125EBD7B5342B68D92E3EE /* Poppins-BoldItalic.ttf */ = {isa = PBXFileReference; explicitFileType = undefined; fileEncoding = undefined; includeInIndex = 0; lastKnownFileType = unknown; name = "Poppins-BoldItalic.ttf"; path = "../assets/fonts/Poppins-BoldItalic.ttf"; sourceTree = "<group>"; };
		D40A7C7458D34ED3933DE59B /* Poppins-Italic.ttf */ = {isa = PBXFileReference; explicitFileType = undefined; fileEncoding = undefined; includeInIndex = 0; lastKnownFileType = unknown; name = "Poppins-Italic.ttf"; path = "../assets/fonts/Poppins-Italic.ttf"; sourceTree = "<group>"; };
		DFCD18B32E034F2794C32D31 /* Poppins-Medium.ttf */ = {isa = PBXFileReference; explicitFileType = undefined; fileEncoding = undefined; includeInIndex = 0; lastKnownFileType = unknown; name = "Poppins-Medium.ttf"; path = "../assets/fonts/Poppins-Medium.ttf"; sourceTree = "<group>"; };
		E45ADD92ED064EE0890B1503 /* OFL.txt */ = {isa = PBXFileReference; explicitFileType = undefined; fileEncoding = undefined; includeInIndex = 0; lastKnownFileType = unknown; name = OFL.txt; path = ../assets/fonts/OFL.txt; sourceTree = "<group>"; };
		ED297162215061F000B7C4FE /* JavaScriptCore.framework */ = {isa = PBXFileReference; lastKnownFileType = wrapper.framework; name = JavaScriptCore.framework; path = System/Library/Frameworks/JavaScriptCore.framework; sourceTree = SDKROOT; };
/* End PBXFileReference section */

/* Begin PBXFrameworksBuildPhase section */
		00E356EB1AD99517003FC87E /* Frameworks */ = {
			isa = PBXFrameworksBuildPhase;
			buildActionMask = 2147483647;
			files = (
				7699B88040F8A987B510C191 /* libPods-humanisticsapp-humanisticsappTests.a in Frameworks */,
			);
			runOnlyForDeploymentPostprocessing = 0;
		};
		13B07F8C1A680F5B00A75B9A /* Frameworks */ = {
			isa = PBXFrameworksBuildPhase;
			buildActionMask = 2147483647;
			files = (
				0C80B921A6F3F58F76C31292 /* libPods-humanisticsapp.a in Frameworks */,
			);
			runOnlyForDeploymentPostprocessing = 0;
		};
/* End PBXFrameworksBuildPhase section */

/* Begin PBXGroup section */
		00E356EF1AD99517003FC87E /* humanisticsappTests */ = {
			isa = PBXGroup;
			children = (
				00E356F21AD99517003FC87E /* humanisticsappTests.m */,
				00E356F01AD99517003FC87E /* Supporting Files */,
			);
			path = humanisticsappTests;
			sourceTree = "<group>";
		};
		00E356F01AD99517003FC87E /* Supporting Files */ = {
			isa = PBXGroup;
			children = (
				00E356F11AD99517003FC87E /* Info.plist */,
			);
			name = "Supporting Files";
			sourceTree = "<group>";
		};
		13B07FAE1A68108700A75B9A /* humanisticsapp */ = {
			isa = PBXGroup;
			children = (
				13B07FAF1A68108700A75B9A /* AppDelegate.h */,
				13B07FB01A68108700A75B9A /* AppDelegate.mm */,
				13B07FB51A68108700A75B9A /* Images.xcassets */,
				13B07FB61A68108700A75B9A /* Info.plist */,
				81AB9BB72411601600AC10FF /* LaunchScreen.storyboard */,
				13B07FB71A68108700A75B9A /* main.m */,
			);
			name = humanisticsapp;
			sourceTree = "<group>";
		};
		2D16E6871FA4F8E400B85C8A /* Frameworks */ = {
			isa = PBXGroup;
			children = (
				ED297162215061F000B7C4FE /* JavaScriptCore.framework */,
				5DCACB8F33CDC322A6C60F78 /* libPods-humanisticsapp.a */,
				19F6CBCC0A4E27FBF8BF4A61 /* libPods-humanisticsapp-humanisticsappTests.a */,
			);
			name = Frameworks;
			sourceTree = "<group>";
		};
		832341AE1AAA6A7D00B99B32 /* Libraries */ = {
			isa = PBXGroup;
			children = (
			);
			name = Libraries;
			sourceTree = "<group>";
		};
		83CBB9F61A601CBA00E9B192 = {
			isa = PBXGroup;
			children = (
				96B9ABF72953924500B6E551 /* Fonts */,
				13B07FAE1A68108700A75B9A /* humanisticsapp */,
				832341AE1AAA6A7D00B99B32 /* Libraries */,
				00E356EF1AD99517003FC87E /* humanisticsappTests */,
				83CBBA001A601CBA00E9B192 /* Products */,
				2D16E6871FA4F8E400B85C8A /* Frameworks */,
				BBD78D7AC51CEA395F1C20DB /* Pods */,
				AF64C49105CE4525ADD9FEF0 /* Resources */,
			);
			indentWidth = 2;
			sourceTree = "<group>";
			tabWidth = 2;
			usesTabs = 0;
		};
		83CBBA001A601CBA00E9B192 /* Products */ = {
			isa = PBXGroup;
			children = (
				13B07F961A680F5B00A75B9A /* humanisticsapp.app */,
				00E356EE1AD99517003FC87E /* humanisticsappTests.xctest */,
			);
			name = Products;
			sourceTree = "<group>";
		};
		96B9ABF72953924500B6E551 /* Fonts */ = {
			isa = PBXGroup;
			children = (
				96B9ABF82953924500B6E551 /* Fontisto.ttf */,
				96B9ABF92953924500B6E551 /* Octicons.ttf */,
				96B9ABFA2953924500B6E551 /* Feather.ttf */,
				96B9ABFB2953924500B6E551 /* Entypo.ttf */,
				96B9ABFC2953924500B6E551 /* FontAwesome5_Brands.ttf */,
				96B9ABFD2953924500B6E551 /* MaterialCommunityIcons.ttf */,
				96B9ABFE2953924500B6E551 /* AntDesign.ttf */,
				96B9ABFF2953924500B6E551 /* Foundation.ttf */,
				96B9AC002953924500B6E551 /* Ionicons.ttf */,
				96B9AC012953924500B6E551 /* FontAwesome5_Solid.ttf */,
				96B9AC022953924500B6E551 /* FontAwesome5_Regular.ttf */,
				96B9AC032953924500B6E551 /* FontAwesome.ttf */,
				96B9AC042953924500B6E551 /* Zocial.ttf */,
				96B9AC052953924500B6E551 /* EvilIcons.ttf */,
				96B9AC062953924500B6E551 /* SimpleLineIcons.ttf */,
				96B9AC072953924500B6E551 /* MaterialIcons.ttf */,
			);
			name = Fonts;
			path = "../node_modules/react-native-vector-icons/Fonts";
			sourceTree = "<group>";
		};
		AF64C49105CE4525ADD9FEF0 /* Resources */ = {
			isa = PBXGroup;
			children = (
				0AE186A192EB4ED8BFAE3A5D /* Poppins-Black.ttf */,
				616EB42C9EB3453D99223CA7 /* Poppins-BlackItalic.ttf */,
				AD994929795E40A28AF7238A /* Poppins-Bold.ttf */,
				BB125EBD7B5342B68D92E3EE /* Poppins-BoldItalic.ttf */,
				2C8BF63A20DC4B599FFA9E35 /* Poppins-ExtraBold.ttf */,
				698A3D6A32EF45E996737319 /* Poppins-ExtraBoldItalic.ttf */,
				B9E7A9FD309D444FB79EB5E9 /* Poppins-ExtraLight.ttf */,
				6F550D702AB449BC934F1F8E /* Poppins-ExtraLightItalic.ttf */,
				D40A7C7458D34ED3933DE59B /* Poppins-Italic.ttf */,
				8989FE692D6F4A06942C574F /* Poppins-Light.ttf */,
				20A1BEC1454D40C8AA73F9B9 /* Poppins-LightItalic.ttf */,
				DFCD18B32E034F2794C32D31 /* Poppins-Medium.ttf */,
				292A90D89F214E56A82D1A71 /* Poppins-MediumItalic.ttf */,
				5B9112701C134075AD616BD3 /* Poppins-Regular.ttf */,
				910359610BD2436DAD073EF3 /* Poppins-SemiBold.ttf */,
				17C96AC5624D42F9867C46CC /* Poppins-SemiBoldItalic.ttf */,
				071ECE58FDFD45BE9AED094B /* Poppins-Thin.ttf */,
				4BFFD7937D7043EC9AFF64CD /* Poppins-ThinItalic.ttf */,
				E45ADD92ED064EE0890B1503 /* OFL.txt */,
			);
			name = Resources;
			path = "";
			sourceTree = "<group>";
		};
		BBD78D7AC51CEA395F1C20DB /* Pods */ = {
			isa = PBXGroup;
			children = (
				3B4392A12AC88292D35C810B /* Pods-humanisticsapp.debug.xcconfig */,
				5709B34CF0A7D63546082F79 /* Pods-humanisticsapp.release.xcconfig */,
				5B7EB9410499542E8C5724F5 /* Pods-humanisticsapp-humanisticsappTests.debug.xcconfig */,
				89C6BE57DB24E9ADA2F236DE /* Pods-humanisticsapp-humanisticsappTests.release.xcconfig */,
			);
			path = Pods;
			sourceTree = "<group>";
		};
/* End PBXGroup section */

/* Begin PBXNativeTarget section */
		00E356ED1AD99517003FC87E /* humanisticsappTests */ = {
			isa = PBXNativeTarget;
			buildConfigurationList = 00E357021AD99517003FC87E /* Build configuration list for PBXNativeTarget "humanisticsappTests" */;
			buildPhases = (
				A55EABD7B0C7F3A422A6CC61 /* [CP] Check Pods Manifest.lock */,
				00E356EA1AD99517003FC87E /* Sources */,
				00E356EB1AD99517003FC87E /* Frameworks */,
				00E356EC1AD99517003FC87E /* Resources */,
				C59DA0FBD6956966B86A3779 /* [CP] Embed Pods Frameworks */,
				F6A41C54EA430FDDC6A6ED99 /* [CP] Copy Pods Resources */,
			);
			buildRules = (
			);
			dependencies = (
				00E356F51AD99517003FC87E /* PBXTargetDependency */,
			);
			name = humanisticsappTests;
			productName = humanisticsappTests;
			productReference = 00E356EE1AD99517003FC87E /* humanisticsappTests.xctest */;
			productType = "com.apple.product-type.bundle.unit-test";
		};
		13B07F861A680F5B00A75B9A /* humanisticsapp */ = {
			isa = PBXNativeTarget;
			buildConfigurationList = 13B07F931A680F5B00A75B9A /* Build configuration list for PBXNativeTarget "humanisticsapp" */;
			buildPhases = (
				C38B50BA6285516D6DCD4F65 /* [CP] Check Pods Manifest.lock */,
				FD10A7F022414F080027D42C /* Start Packager */,
				13B07F871A680F5B00A75B9A /* Sources */,
				13B07F8C1A680F5B00A75B9A /* Frameworks */,
				13B07F8E1A680F5B00A75B9A /* Resources */,
				00DD1BFF1BD5951E006B06BC /* Bundle React Native code and images */,
				00EEFC60759A1932668264C0 /* [CP] Embed Pods Frameworks */,
				E235C05ADACE081382539298 /* [CP] Copy Pods Resources */,
			);
			buildRules = (
			);
			dependencies = (
			);
			name = humanisticsapp;
			productName = humanisticsapp;
			productReference = 13B07F961A680F5B00A75B9A /* humanisticsapp.app */;
			productType = "com.apple.product-type.application";
		};
/* End PBXNativeTarget section */

/* Begin PBXProject section */
		83CBB9F71A601CBA00E9B192 /* Project object */ = {
			isa = PBXProject;
			attributes = {
				LastUpgradeCheck = 1210;
				TargetAttributes = {
					00E356ED1AD99517003FC87E = {
						CreatedOnToolsVersion = 6.2;
						TestTargetID = 13B07F861A680F5B00A75B9A;
					};
					13B07F861A680F5B00A75B9A = {
						LastSwiftMigration = 1120;
					};
				};
			};
			buildConfigurationList = 83CBB9FA1A601CBA00E9B192 /* Build configuration list for PBXProject "humanisticsapp" */;
			compatibilityVersion = "Xcode 12.0";
			developmentRegion = en;
			hasScannedForEncodings = 0;
			knownRegions = (
				en,
				Base,
			);
			mainGroup = 83CBB9F61A601CBA00E9B192;
			productRefGroup = 83CBBA001A601CBA00E9B192 /* Products */;
			projectDirPath = "";
			projectRoot = "";
			targets = (
				13B07F861A680F5B00A75B9A /* humanisticsapp */,
				00E356ED1AD99517003FC87E /* humanisticsappTests */,
			);
		};
/* End PBXProject section */

/* Begin PBXResourcesBuildPhase section */
		00E356EC1AD99517003FC87E /* Resources */ = {
			isa = PBXResourcesBuildPhase;
			buildActionMask = 2147483647;
			files = (
				96B9AC0B2953924500B6E551 /* Octicons.ttf in Resources */,
				96B9AC172953924500B6E551 /* Foundation.ttf in Resources */,
				96B9AC252953924500B6E551 /* SimpleLineIcons.ttf in Resources */,
				96B9AC192953924500B6E551 /* Ionicons.ttf in Resources */,
				96B9AC232953924500B6E551 /* EvilIcons.ttf in Resources */,
				96B9AC1D2953924500B6E551 /* FontAwesome5_Regular.ttf in Resources */,
				96B9AC212953924500B6E551 /* Zocial.ttf in Resources */,
				96B9AC0F2953924500B6E551 /* Entypo.ttf in Resources */,
				96B9AC272953924500B6E551 /* MaterialIcons.ttf in Resources */,
				96B9AC152953924500B6E551 /* AntDesign.ttf in Resources */,
				96B9AC1B2953924500B6E551 /* FontAwesome5_Solid.ttf in Resources */,
				96B9AC092953924500B6E551 /* Fontisto.ttf in Resources */,
				96B9AC0D2953924500B6E551 /* Feather.ttf in Resources */,
				96B9AC132953924500B6E551 /* MaterialCommunityIcons.ttf in Resources */,
				96B9AC112953924500B6E551 /* FontAwesome5_Brands.ttf in Resources */,
				96B9AC1F2953924500B6E551 /* FontAwesome.ttf in Resources */,
			);
			runOnlyForDeploymentPostprocessing = 0;
		};
		13B07F8E1A680F5B00A75B9A /* Resources */ = {
			isa = PBXResourcesBuildPhase;
			buildActionMask = 2147483647;
			files = (
				96B9AC082953924500B6E551 /* Fontisto.ttf in Resources */,
				96B9AC1E2953924500B6E551 /* FontAwesome.ttf in Resources */,
				96B9AC162953924500B6E551 /* Foundation.ttf in Resources */,
				96B9AC1C2953924500B6E551 /* FontAwesome5_Regular.ttf in Resources */,
				96B9AC182953924500B6E551 /* Ionicons.ttf in Resources */,
				96B9AC222953924500B6E551 /* EvilIcons.ttf in Resources */,
				96B9AC0E2953924500B6E551 /* Entypo.ttf in Resources */,
				81AB9BB82411601600AC10FF /* LaunchScreen.storyboard in Resources */,
				96B9AC202953924500B6E551 /* Zocial.ttf in Resources */,
				96B9AC242953924500B6E551 /* SimpleLineIcons.ttf in Resources */,
				96B9AC0C2953924500B6E551 /* Feather.ttf in Resources */,
				96B9AC0A2953924500B6E551 /* Octicons.ttf in Resources */,
				96B9AC102953924500B6E551 /* FontAwesome5_Brands.ttf in Resources */,
				96B9AC142953924500B6E551 /* AntDesign.ttf in Resources */,
				96B9AC262953924500B6E551 /* MaterialIcons.ttf in Resources */,
				96B9AC1A2953924500B6E551 /* FontAwesome5_Solid.ttf in Resources */,
				96B9AC122953924500B6E551 /* MaterialCommunityIcons.ttf in Resources */,
				13B07FBF1A68108700A75B9A /* Images.xcassets in Resources */,
				5FC6DD5852784127B05B86DF /* Poppins-Black.ttf in Resources */,
				73A993BD89A84429BBDB447B /* Poppins-BlackItalic.ttf in Resources */,
				6552CE01A6CC4713BD0BEBD7 /* Poppins-Bold.ttf in Resources */,
				C108AB69426A4722B4E6A263 /* Poppins-BoldItalic.ttf in Resources */,
				51A05D6588A54F49A7E68436 /* Poppins-ExtraBold.ttf in Resources */,
				73F4E2FBD08A4E5A84AEE0B2 /* Poppins-ExtraBoldItalic.ttf in Resources */,
				632E929C0F30496097FE0119 /* Poppins-ExtraLight.ttf in Resources */,
				F600D1B2407C4187B3F90725 /* Poppins-ExtraLightItalic.ttf in Resources */,
				13FE168098F64C66882A7116 /* Poppins-Italic.ttf in Resources */,
				2C38970278DB4258A6AF190A /* Poppins-Light.ttf in Resources */,
				0E6BA3A0A795432997B0A001 /* Poppins-LightItalic.ttf in Resources */,
				11DFF4DF90E049338613A708 /* Poppins-Medium.ttf in Resources */,
				B0B401C4B43E445E993C9802 /* Poppins-MediumItalic.ttf in Resources */,
				FB8B217A4D72463B96D62BE1 /* Poppins-Regular.ttf in Resources */,
				C6839243725C4E37A9695065 /* Poppins-SemiBold.ttf in Resources */,
				C47B2C4B8F904329B96DC403 /* Poppins-SemiBoldItalic.ttf in Resources */,
				DFAB5E89EBA64665A9552EF3 /* Poppins-Thin.ttf in Resources */,
				DE4ACC3D113146D79C8E8CFF /* Poppins-ThinItalic.ttf in Resources */,
				F940B9AB6CE2437EAB9141AC /* OFL.txt in Resources */,
			);
			runOnlyForDeploymentPostprocessing = 0;
		};
/* End PBXResourcesBuildPhase section */

/* Begin PBXShellScriptBuildPhase section */
		00DD1BFF1BD5951E006B06BC /* Bundle React Native code and images */ = {
			isa = PBXShellScriptBuildPhase;
			buildActionMask = 2147483647;
			files = (
			);
			inputPaths = (
				"$(SRCROOT)/.xcode.env.local",
				"$(SRCROOT)/.xcode.env",
			);
			name = "Bundle React Native code and images";
			outputPaths = (
			);
			runOnlyForDeploymentPostprocessing = 0;
			shellPath = /bin/sh;
			shellScript = "set -e\n\nWITH_ENVIRONMENT=\"../node_modules/react-native/scripts/xcode/with-environment.sh\"\nREACT_NATIVE_XCODE=\"../node_modules/react-native/scripts/react-native-xcode.sh\"\n\n/bin/sh -c \"$WITH_ENVIRONMENT $REACT_NATIVE_XCODE\"\n";
		};
		00EEFC60759A1932668264C0 /* [CP] Embed Pods Frameworks */ = {
			isa = PBXShellScriptBuildPhase;
			buildActionMask = 2147483647;
			files = (
			);
			inputFileListPaths = (
				"${PODS_ROOT}/Target Support Files/Pods-humanisticsapp/Pods-humanisticsapp-frameworks-${CONFIGURATION}-input-files.xcfilelist",
			);
			name = "[CP] Embed Pods Frameworks";
			outputFileListPaths = (
				"${PODS_ROOT}/Target Support Files/Pods-humanisticsapp/Pods-humanisticsapp-frameworks-${CONFIGURATION}-output-files.xcfilelist",
			);
			runOnlyForDeploymentPostprocessing = 0;
			shellPath = /bin/sh;
			shellScript = "\"${PODS_ROOT}/Target Support Files/Pods-humanisticsapp/Pods-humanisticsapp-frameworks.sh\"\n";
			showEnvVarsInLog = 0;
		};
		A55EABD7B0C7F3A422A6CC61 /* [CP] Check Pods Manifest.lock */ = {
			isa = PBXShellScriptBuildPhase;
			buildActionMask = 2147483647;
			files = (
			);
			inputFileListPaths = (
			);
			inputPaths = (
				"${PODS_PODFILE_DIR_PATH}/Podfile.lock",
				"${PODS_ROOT}/Manifest.lock",
			);
			name = "[CP] Check Pods Manifest.lock";
			outputFileListPaths = (
			);
			outputPaths = (
				"$(DERIVED_FILE_DIR)/Pods-humanisticsapp-humanisticsappTests-checkManifestLockResult.txt",
			);
			runOnlyForDeploymentPostprocessing = 0;
			shellPath = /bin/sh;
			shellScript = "diff \"${PODS_PODFILE_DIR_PATH}/Podfile.lock\" \"${PODS_ROOT}/Manifest.lock\" > /dev/null\nif [ $? != 0 ] ; then\n    # print error to STDERR\n    echo \"error: The sandbox is not in sync with the Podfile.lock. Run 'pod install' or update your CocoaPods installation.\" >&2\n    exit 1\nfi\n# This output is used by Xcode 'outputs' to avoid re-running this script phase.\necho \"SUCCESS\" > \"${SCRIPT_OUTPUT_FILE_0}\"\n";
			showEnvVarsInLog = 0;
		};
		C38B50BA6285516D6DCD4F65 /* [CP] Check Pods Manifest.lock */ = {
			isa = PBXShellScriptBuildPhase;
			buildActionMask = 2147483647;
			files = (
			);
			inputFileListPaths = (
			);
			inputPaths = (
				"${PODS_PODFILE_DIR_PATH}/Podfile.lock",
				"${PODS_ROOT}/Manifest.lock",
			);
			name = "[CP] Check Pods Manifest.lock";
			outputFileListPaths = (
			);
			outputPaths = (
				"$(DERIVED_FILE_DIR)/Pods-humanisticsapp-checkManifestLockResult.txt",
			);
			runOnlyForDeploymentPostprocessing = 0;
			shellPath = /bin/sh;
			shellScript = "diff \"${PODS_PODFILE_DIR_PATH}/Podfile.lock\" \"${PODS_ROOT}/Manifest.lock\" > /dev/null\nif [ $? != 0 ] ; then\n    # print error to STDERR\n    echo \"error: The sandbox is not in sync with the Podfile.lock. Run 'pod install' or update your CocoaPods installation.\" >&2\n    exit 1\nfi\n# This output is used by Xcode 'outputs' to avoid re-running this script phase.\necho \"SUCCESS\" > \"${SCRIPT_OUTPUT_FILE_0}\"\n";
			showEnvVarsInLog = 0;
		};
		C59DA0FBD6956966B86A3779 /* [CP] Embed Pods Frameworks */ = {
			isa = PBXShellScriptBuildPhase;
			buildActionMask = 2147483647;
			files = (
			);
			inputFileListPaths = (
				"${PODS_ROOT}/Target Support Files/Pods-humanisticsapp-humanisticsappTests/Pods-humanisticsapp-humanisticsappTests-frameworks-${CONFIGURATION}-input-files.xcfilelist",
			);
			name = "[CP] Embed Pods Frameworks";
			outputFileListPaths = (
				"${PODS_ROOT}/Target Support Files/Pods-humanisticsapp-humanisticsappTests/Pods-humanisticsapp-humanisticsappTests-frameworks-${CONFIGURATION}-output-files.xcfilelist",
			);
			runOnlyForDeploymentPostprocessing = 0;
			shellPath = /bin/sh;
			shellScript = "\"${PODS_ROOT}/Target Support Files/Pods-humanisticsapp-humanisticsappTests/Pods-humanisticsapp-humanisticsappTests-frameworks.sh\"\n";
			showEnvVarsInLog = 0;
		};
		E235C05ADACE081382539298 /* [CP] Copy Pods Resources */ = {
			isa = PBXShellScriptBuildPhase;
			buildActionMask = 2147483647;
			files = (
			);
			inputFileListPaths = (
				"${PODS_ROOT}/Target Support Files/Pods-humanisticsapp/Pods-humanisticsapp-resources-${CONFIGURATION}-input-files.xcfilelist",
			);
			name = "[CP] Copy Pods Resources";
			outputFileListPaths = (
				"${PODS_ROOT}/Target Support Files/Pods-humanisticsapp/Pods-humanisticsapp-resources-${CONFIGURATION}-output-files.xcfilelist",
			);
			runOnlyForDeploymentPostprocessing = 0;
			shellPath = /bin/sh;
			shellScript = "\"${PODS_ROOT}/Target Support Files/Pods-humanisticsapp/Pods-humanisticsapp-resources.sh\"\n";
			showEnvVarsInLog = 0;
		};
		F6A41C54EA430FDDC6A6ED99 /* [CP] Copy Pods Resources */ = {
			isa = PBXShellScriptBuildPhase;
			buildActionMask = 2147483647;
			files = (
			);
			inputFileListPaths = (
				"${PODS_ROOT}/Target Support Files/Pods-humanisticsapp-humanisticsappTests/Pods-humanisticsapp-humanisticsappTests-resources-${CONFIGURATION}-input-files.xcfilelist",
			);
			name = "[CP] Copy Pods Resources";
			outputFileListPaths = (
				"${PODS_ROOT}/Target Support Files/Pods-humanisticsapp-humanisticsappTests/Pods-humanisticsapp-humanisticsappTests-resources-${CONFIGURATION}-output-files.xcfilelist",
			);
			runOnlyForDeploymentPostprocessing = 0;
			shellPath = /bin/sh;
			shellScript = "\"${PODS_ROOT}/Target Support Files/Pods-humanisticsapp-humanisticsappTests/Pods-humanisticsapp-humanisticsappTests-resources.sh\"\n";
			showEnvVarsInLog = 0;
		};
		FD10A7F022414F080027D42C /* Start Packager */ = {
			isa = PBXShellScriptBuildPhase;
			buildActionMask = 2147483647;
			files = (
			);
			inputFileListPaths = (
			);
			inputPaths = (
			);
			name = "Start Packager";
			outputFileListPaths = (
			);
			outputPaths = (
			);
			runOnlyForDeploymentPostprocessing = 0;
			shellPath = /bin/sh;
			shellScript = "export RCT_METRO_PORT=\"${RCT_METRO_PORT:=8081}\"\necho \"export RCT_METRO_PORT=${RCT_METRO_PORT}\" > \"${SRCROOT}/../node_modules/react-native/scripts/.packager.env\"\nif [ -z \"${RCT_NO_LAUNCH_PACKAGER+xxx}\" ] ; then\n  if nc -w 5 -z localhost ${RCT_METRO_PORT} ; then\n    if ! curl -s \"http://localhost:${RCT_METRO_PORT}/status\" | grep -q \"packager-status:running\" ; then\n      echo \"Port ${RCT_METRO_PORT} already in use, packager is either not running or not running correctly\"\n      exit 2\n    fi\n  else\n    open \"$SRCROOT/../node_modules/react-native/scripts/launchPackager.command\" || echo \"Can't start packager automatically\"\n  fi\nfi\n";
			showEnvVarsInLog = 0;
		};
/* End PBXShellScriptBuildPhase section */

/* Begin PBXSourcesBuildPhase section */
		00E356EA1AD99517003FC87E /* Sources */ = {
			isa = PBXSourcesBuildPhase;
			buildActionMask = 2147483647;
			files = (
				00E356F31AD99517003FC87E /* humanisticsappTests.m in Sources */,
			);
			runOnlyForDeploymentPostprocessing = 0;
		};
		13B07F871A680F5B00A75B9A /* Sources */ = {
			isa = PBXSourcesBuildPhase;
			buildActionMask = 2147483647;
			files = (
				13B07FBC1A68108700A75B9A /* AppDelegate.mm in Sources */,
				13B07FC11A68108700A75B9A /* main.m in Sources */,
			);
			runOnlyForDeploymentPostprocessing = 0;
		};
/* End PBXSourcesBuildPhase section */

/* Begin PBXTargetDependency section */
		00E356F51AD99517003FC87E /* PBXTargetDependency */ = {
			isa = PBXTargetDependency;
			target = 13B07F861A680F5B00A75B9A /* humanisticsapp */;
			targetProxy = 00E356F41AD99517003FC87E /* PBXContainerItemProxy */;
		};
/* End PBXTargetDependency section */

/* Begin XCBuildConfiguration section */
		00E356F61AD99517003FC87E /* Debug */ = {
			isa = XCBuildConfiguration;
			baseConfigurationReference = 5B7EB9410499542E8C5724F5 /* Pods-humanisticsapp-humanisticsappTests.debug.xcconfig */;
			buildSettings = {
				BUNDLE_LOADER = "$(TEST_HOST)";
				GCC_PREPROCESSOR_DEFINITIONS = (
					"DEBUG=1",
					"$(inherited)",
				);
				INFOPLIST_FILE = humanisticsappTests/Info.plist;
				IPHONEOS_DEPLOYMENT_TARGET = 12.4;
				LD_RUNPATH_SEARCH_PATHS = (
					"$(inherited)",
					"@executable_path/Frameworks",
					"@loader_path/Frameworks",
				);
				OTHER_LDFLAGS = (
					"-ObjC",
					"-lc++",
					"$(inherited)",
				);
				PRODUCT_BUNDLE_IDENTIFIER = "org.reactjs.native.example.$(PRODUCT_NAME:rfc1034identifier)";
				PRODUCT_NAME = "$(TARGET_NAME)";
				TEST_HOST = "$(BUILT_PRODUCTS_DIR)/humanisticsapp.app/humanisticsapp";
			};
			name = Debug;
		};
		00E356F71AD99517003FC87E /* Release */ = {
			isa = XCBuildConfiguration;
			baseConfigurationReference = 89C6BE57DB24E9ADA2F236DE /* Pods-humanisticsapp-humanisticsappTests.release.xcconfig */;
			buildSettings = {
				BUNDLE_LOADER = "$(TEST_HOST)";
				COPY_PHASE_STRIP = NO;
				INFOPLIST_FILE = humanisticsappTests/Info.plist;
				IPHONEOS_DEPLOYMENT_TARGET = 12.4;
				LD_RUNPATH_SEARCH_PATHS = (
					"$(inherited)",
					"@executable_path/Frameworks",
					"@loader_path/Frameworks",
				);
				OTHER_LDFLAGS = (
					"-ObjC",
					"-lc++",
					"$(inherited)",
				);
				PRODUCT_BUNDLE_IDENTIFIER = "org.reactjs.native.example.$(PRODUCT_NAME:rfc1034identifier)";
				PRODUCT_NAME = "$(TARGET_NAME)";
				TEST_HOST = "$(BUILT_PRODUCTS_DIR)/humanisticsapp.app/humanisticsapp";
			};
			name = Release;
		};
		13B07F941A680F5B00A75B9A /* Debug */ = {
			isa = XCBuildConfiguration;
			baseConfigurationReference = 3B4392A12AC88292D35C810B /* Pods-humanisticsapp.debug.xcconfig */;
			buildSettings = {
				ASSETCATALOG_COMPILER_APPICON_NAME = AppIcon;
				CLANG_ENABLE_MODULES = YES;
				CURRENT_PROJECT_VERSION = 1;
				ENABLE_BITCODE = NO;
				INFOPLIST_FILE = humanisticsapp/Info.plist;
				LD_RUNPATH_SEARCH_PATHS = (
					"$(inherited)",
					"@executable_path/Frameworks",
				);
				OTHER_LDFLAGS = (
					"$(inherited)",
					"-ObjC",
					"-lc++",
				);
				PRODUCT_BUNDLE_IDENTIFIER = "org.reactjs.native.example.$(PRODUCT_NAME:rfc1034identifier)";
				PRODUCT_NAME = humanisticsapp;
				SWIFT_OPTIMIZATION_LEVEL = "-Onone";
				SWIFT_VERSION = 5.0;
				VERSIONING_SYSTEM = "apple-generic";
			};
			name = Debug;
		};
		13B07F951A680F5B00A75B9A /* Release */ = {
			isa = XCBuildConfiguration;
			baseConfigurationReference = 5709B34CF0A7D63546082F79 /* Pods-humanisticsapp.release.xcconfig */;
			buildSettings = {
				ASSETCATALOG_COMPILER_APPICON_NAME = AppIcon;
				CLANG_ENABLE_MODULES = YES;
				CURRENT_PROJECT_VERSION = 1;
				INFOPLIST_FILE = humanisticsapp/Info.plist;
				LD_RUNPATH_SEARCH_PATHS = (
					"$(inherited)",
					"@executable_path/Frameworks",
				);
				OTHER_LDFLAGS = (
					"$(inherited)",
					"-ObjC",
					"-lc++",
				);
				PRODUCT_BUNDLE_IDENTIFIER = "org.reactjs.native.example.$(PRODUCT_NAME:rfc1034identifier)";
				PRODUCT_NAME = humanisticsapp;
				SWIFT_VERSION = 5.0;
				VERSIONING_SYSTEM = "apple-generic";
			};
			name = Release;
		};
		83CBBA201A601CBA00E9B192 /* Debug */ = {
			isa = XCBuildConfiguration;
			buildSettings = {
				ALWAYS_SEARCH_USER_PATHS = NO;
				CLANG_ANALYZER_LOCALIZABILITY_NONLOCALIZED = YES;
				CLANG_CXX_LANGUAGE_STANDARD = "c++17";
				CLANG_CXX_LIBRARY = "libc++";
				CLANG_ENABLE_MODULES = YES;
				CLANG_ENABLE_OBJC_ARC = YES;
				CLANG_WARN_BLOCK_CAPTURE_AUTORELEASING = YES;
				CLANG_WARN_BOOL_CONVERSION = YES;
				CLANG_WARN_COMMA = YES;
				CLANG_WARN_CONSTANT_CONVERSION = YES;
				CLANG_WARN_DEPRECATED_OBJC_IMPLEMENTATIONS = YES;
				CLANG_WARN_DIRECT_OBJC_ISA_USAGE = YES_ERROR;
				CLANG_WARN_EMPTY_BODY = YES;
				CLANG_WARN_ENUM_CONVERSION = YES;
				CLANG_WARN_INFINITE_RECURSION = YES;
				CLANG_WARN_INT_CONVERSION = YES;
				CLANG_WARN_NON_LITERAL_NULL_CONVERSION = YES;
				CLANG_WARN_OBJC_IMPLICIT_RETAIN_SELF = YES;
				CLANG_WARN_OBJC_LITERAL_CONVERSION = YES;
				CLANG_WARN_OBJC_ROOT_CLASS = YES_ERROR;
				CLANG_WARN_QUOTED_INCLUDE_IN_FRAMEWORK_HEADER = YES;
				CLANG_WARN_RANGE_LOOP_ANALYSIS = YES;
				CLANG_WARN_STRICT_PROTOTYPES = YES;
				CLANG_WARN_SUSPICIOUS_MOVE = YES;
				CLANG_WARN_UNREACHABLE_CODE = YES;
				CLANG_WARN__DUPLICATE_METHOD_MATCH = YES;
				"CODE_SIGN_IDENTITY[sdk=iphoneos*]" = "iPhone Developer";
				COPY_PHASE_STRIP = NO;
				ENABLE_STRICT_OBJC_MSGSEND = YES;
				ENABLE_TESTABILITY = YES;
				"EXCLUDED_ARCHS[sdk=iphonesimulator*]" = i386;
				GCC_C_LANGUAGE_STANDARD = gnu99;
				GCC_DYNAMIC_NO_PIC = NO;
				GCC_NO_COMMON_BLOCKS = YES;
				GCC_OPTIMIZATION_LEVEL = 0;
				GCC_PREPROCESSOR_DEFINITIONS = (
					"DEBUG=1",
					"$(inherited)",
				);
				GCC_SYMBOLS_PRIVATE_EXTERN = NO;
				GCC_WARN_64_TO_32_BIT_CONVERSION = YES;
				GCC_WARN_ABOUT_RETURN_TYPE = YES_ERROR;
				GCC_WARN_UNDECLARED_SELECTOR = YES;
				GCC_WARN_UNINITIALIZED_AUTOS = YES_AGGRESSIVE;
				GCC_WARN_UNUSED_FUNCTION = YES;
				GCC_WARN_UNUSED_VARIABLE = YES;
				IPHONEOS_DEPLOYMENT_TARGET = 12.4;
				LD_RUNPATH_SEARCH_PATHS = (
					/usr/lib/swift,
					"$(inherited)",
				);
				LIBRARY_SEARCH_PATHS = (
					"\"$(SDKROOT)/usr/lib/swift\"",
					"\"$(TOOLCHAIN_DIR)/usr/lib/swift/$(PLATFORM_NAME)\"",
					"\"$(inherited)\"",
				);
				MTL_ENABLE_DEBUG_INFO = YES;
				ONLY_ACTIVE_ARCH = YES;
				OTHER_CPLUSPLUSFLAGS = (
					"$(OTHER_CFLAGS)",
					"-DFOLLY_NO_CONFIG",
					"-DFOLLY_MOBILE=1",
					"-DFOLLY_USE_LIBCPP=1",
				);
				REACT_NATIVE_PATH = "${PODS_ROOT}/../../node_modules/react-native";
				SDKROOT = iphoneos;
			};
			name = Debug;
		};
		83CBBA211A601CBA00E9B192 /* Release */ = {
			isa = XCBuildConfiguration;
			buildSettings = {
				ALWAYS_SEARCH_USER_PATHS = NO;
				CLANG_ANALYZER_LOCALIZABILITY_NONLOCALIZED = YES;
				CLANG_CXX_LANGUAGE_STANDARD = "c++17";
				CLANG_CXX_LIBRARY = "libc++";
				CLANG_ENABLE_MODULES = YES;
				CLANG_ENABLE_OBJC_ARC = YES;
				CLANG_WARN_BLOCK_CAPTURE_AUTORELEASING = YES;
				CLANG_WARN_BOOL_CONVERSION = YES;
				CLANG_WARN_COMMA = YES;
				CLANG_WARN_CONSTANT_CONVERSION = YES;
				CLANG_WARN_DEPRECATED_OBJC_IMPLEMENTATIONS = YES;
				CLANG_WARN_DIRECT_OBJC_ISA_USAGE = YES_ERROR;
				CLANG_WARN_EMPTY_BODY = YES;
				CLANG_WARN_ENUM_CONVERSION = YES;
				CLANG_WARN_INFINITE_RECURSION = YES;
				CLANG_WARN_INT_CONVERSION = YES;
				CLANG_WARN_NON_LITERAL_NULL_CONVERSION = YES;
				CLANG_WARN_OBJC_IMPLICIT_RETAIN_SELF = YES;
				CLANG_WARN_OBJC_LITERAL_CONVERSION = YES;
				CLANG_WARN_OBJC_ROOT_CLASS = YES_ERROR;
				CLANG_WARN_QUOTED_INCLUDE_IN_FRAMEWORK_HEADER = YES;
				CLANG_WARN_RANGE_LOOP_ANALYSIS = YES;
				CLANG_WARN_STRICT_PROTOTYPES = YES;
				CLANG_WARN_SUSPICIOUS_MOVE = YES;
				CLANG_WARN_UNREACHABLE_CODE = YES;
				CLANG_WARN__DUPLICATE_METHOD_MATCH = YES;
				"CODE_SIGN_IDENTITY[sdk=iphoneos*]" = "iPhone Developer";
				COPY_PHASE_STRIP = YES;
				ENABLE_NS_ASSERTIONS = NO;
				ENABLE_STRICT_OBJC_MSGSEND = YES;
				"EXCLUDED_ARCHS[sdk=iphonesimulator*]" = i386;
				GCC_C_LANGUAGE_STANDARD = gnu99;
				GCC_NO_COMMON_BLOCKS = YES;
				GCC_WARN_64_TO_32_BIT_CONVERSION = YES;
				GCC_WARN_ABOUT_RETURN_TYPE = YES_ERROR;
				GCC_WARN_UNDECLARED_SELECTOR = YES;
				GCC_WARN_UNINITIALIZED_AUTOS = YES_AGGRESSIVE;
				GCC_WARN_UNUSED_FUNCTION = YES;
				GCC_WARN_UNUSED_VARIABLE = YES;
				IPHONEOS_DEPLOYMENT_TARGET = 12.4;
				LD_RUNPATH_SEARCH_PATHS = (
					/usr/lib/swift,
					"$(inherited)",
				);
				LIBRARY_SEARCH_PATHS = (
					"\"$(SDKROOT)/usr/lib/swift\"",
					"\"$(TOOLCHAIN_DIR)/usr/lib/swift/$(PLATFORM_NAME)\"",
					"\"$(inherited)\"",
				);
				MTL_ENABLE_DEBUG_INFO = NO;
				OTHER_CPLUSPLUSFLAGS = (
					"$(OTHER_CFLAGS)",
					"-DFOLLY_NO_CONFIG",
					"-DFOLLY_MOBILE=1",
					"-DFOLLY_USE_LIBCPP=1",
				);
				REACT_NATIVE_PATH = "${PODS_ROOT}/../../node_modules/react-native";
				SDKROOT = iphoneos;
				VALIDATE_PRODUCT = YES;
			};
			name = Release;
		};
/* End XCBuildConfiguration section */

/* Begin XCConfigurationList section */
		00E357021AD99517003FC87E /* Build configuration list for PBXNativeTarget "humanisticsappTests" */ = {
			isa = XCConfigurationList;
			buildConfigurations = (
				00E356F61AD99517003FC87E /* Debug */,
				00E356F71AD99517003FC87E /* Release */,
			);
			defaultConfigurationIsVisible = 0;
			defaultConfigurationName = Release;
		};
		13B07F931A680F5B00A75B9A /* Build configuration list for PBXNativeTarget "humanisticsapp" */ = {
			isa = XCConfigurationList;
			buildConfigurations = (
				13B07F941A680F5B00A75B9A /* Debug */,
				13B07F951A680F5B00A75B9A /* Release */,
			);
			defaultConfigurationIsVisible = 0;
			defaultConfigurationName = Release;
		};
		83CBB9FA1A601CBA00E9B192 /* Build configuration list for PBXProject "humanisticsapp" */ = {
			isa = XCConfigurationList;
			buildConfigurations = (
				83CBBA201A601CBA00E9B192 /* Debug */,
				83CBBA211A601CBA00E9B192 /* Release */,
			);
			defaultConfigurationIsVisible = 0;
			defaultConfigurationName = Release;
		};
/* End XCConfigurationList section */
	};
	rootObject = 83CBB9F71A601CBA00E9B192 /* Project object */;
}
